
Microsoft Visual Studio Solution File, Format Version 12.00
# Visual Studio 15
Project("{FAE04EC0-301F-11D3-BF4B-00C04F79EFBC}") = "UnityEngine.UI", "UnityEngine.UI.csproj", "{05753054-AA70-A52E-64E4-304E58837E79}"
EndProject
Project("{FAE04EC0-301F-11D3-BF4B-00C04F79EFBC}") = "UnityEngine.TestRunner", "UnityEngine.TestRunner.csproj", "{5B10F0A7-6151-D6ED-0032-8DDBF75C0483}"
EndProject
Project("{FAE04EC0-301F-11D3-BF4B-00C04F79EFBC}") = "Unity.2D.Animation.Triangle.Runtime", "Unity.2D.Animation.Triangle.Runtime.csproj", "{2574BC6C-B2EF-C602-B029-E71DDE2C9DD2}"
EndProject
Project("{FAE04EC0-301F-11D3-BF4B-00C04F79EFBC}") = "Unity.TextMeshPro", "Unity.TextMeshPro.csproj", "{46F152A4-276A-C137-62A6-DC0BA09050A6}"
EndProject
Project("{FAE04EC0-301F-11D3-BF4B-00C04F79EFBC}") = "Unity.2D.Animation.Runtime", "Unity.2D.Animation.Runtime.csproj", "{2E822B05-83A3-97DB-9E44-F0A86FE39235}"
EndProject
Project("{FAE04EC0-301F-11D3-BF4B-00C04F79EFBC}") = "Unity.Timeline", "Unity.Timeline.csproj", "{D4B3BE12-B289-4C1E-B643-15AE6D640310}"
EndProject
Project("{FAE04EC0-301F-11D3-BF4B-00C04F79EFBC}") = "Unity.Mathematics", "Unity.Mathematics.csproj", "{AFE16D70-947D-6594-245C-0266F01DBA8F}"
EndProject
Project("{FAE04EC0-301F-11D3-BF4B-00C04F79EFBC}") = "Unity.2D.SpriteShape.Runtime", "Unity.2D.SpriteShape.Runtime.csproj", "{E3989279-E3F4-3398-A377-8D0E23D6644F}"
EndProject
Project("{FAE04EC0-301F-11D3-BF4B-00C04F79EFBC}") = "Assembly-CSharp", "Assembly-CSharp.csproj", "{B673CBF3-9144-4F0F-B8B9-41716440C694}"
EndProject
Project("{FAE04EC0-301F-11D3-BF4B-00C04F79EFBC}") = "Unity.2D.PixelPerfect", "Unity.2D.PixelPerfect.csproj", "{8AEB14E4-8489-362E-BD81-18C85FA0426B}"
EndProject
Project("{FAE04EC0-301F-11D3-BF4B-00C04F79EFBC}") = "Unity.InternalAPIEngineBridge.001", "Unity.InternalAPIEngineBridge.001.csproj", "{E05B6FC0-088F-F963-A007-9AE4764D74A3}"
EndProject
Project("{FAE04EC0-301F-11D3-BF4B-00C04F79EFBC}") = "Unity.2D.Common.Runtime", "Unity.2D.Common.Runtime.csproj", "{B3648DD6-BB29-AC8A-0287-E947D698CF3C}"
EndProject
Project("{FAE04EC0-301F-11D3-BF4B-00C04F79EFBC}") = "Unity.TextMeshPro.Editor", "Unity.TextMeshPro.Editor.csproj", "{007B4EEC-434F-7E8D-BCCD-BE5F2F891B13}"
EndProject
Project("{FAE04EC0-301F-11D3-BF4B-00C04F79EFBC}") = "Unity.Timeline.Editor", "Unity.Timeline.Editor.csproj", "{08F19104-54D7-B3A8-EC5A-3CEE239E843A}"
EndProject
Project("{FAE04EC0-301F-11D3-BF4B-00C04F79EFBC}") = "Unity.CollabProxy.Editor", "Unity.CollabProxy.Editor.csproj", "{ACDF4998-D91E-26C2-11B5-DC66E9D23A8E}"
EndProject
Project("{FAE04EC0-301F-11D3-BF4B-00C04F79EFBC}") = "UnityEditor.TestRunner", "UnityEditor.TestRunner.csproj", "{8667BF6E-5269-2D58-90EC-5B47931581E7}"
EndProject
Project("{FAE04EC0-301F-11D3-BF4B-00C04F79EFBC}") = "Unity.2D.Animation.Editor", "Unity.2D.Animation.Editor.csproj", "{2C3B4086-C68D-1E6E-005E-3F95ED9627D5}"
EndProject
Project("{FAE04EC0-301F-11D3-BF4B-00C04F79EFBC}") = "Unity.2D.Path.Editor", "Unity.2D.Path.Editor.csproj", "{A372AED3-2733-62BE-ABCD-579BC1DDFD6D}"
EndProject
Project("{FAE04EC0-301F-11D3-BF4B-00C04F79EFBC}") = "Unity.2D.Sprite.Editor", "Unity.2D.Sprite.Editor.csproj", "{3B0CAF08-02D8-646F-104B-2569D6AA6DE5}"
EndProject
Project("{FAE04EC0-301F-11D3-BF4B-00C04F79EFBC}") = "UnityEditor.UI", "UnityEditor.UI.csproj", "{7075DF7C-790E-12E2-0CAD-23E98E175CBE}"
EndProject
Project("{FAE04EC0-301F-11D3-BF4B-00C04F79EFBC}") = "Unity.Rider.Editor", "Unity.Rider.Editor.csproj", "{9408DC92-0BC3-B4F5-35D8-0531C93E893F}"
EndProject
Project("{FAE04EC0-301F-11D3-BF4B-00C04F79EFBC}") = "Unity.2D.Tilemap.Editor", "Unity.2D.Tilemap.Editor.csproj", "{9B6F55B3-3156-72F5-C777-808B73F0BC81}"
EndProject
Project("{FAE04EC0-301F-11D3-BF4B-00C04F79EFBC}") = "Unity.VisualStudio.Editor", "Unity.VisualStudio.Editor.csproj", "{2FFAC310-A4AC-DDBA-D938-3E62CE74F0AF}"
EndProject
Project("{FAE04EC0-301F-11D3-BF4B-00C04F79EFBC}") = "Unity.2D.SpriteShape.Editor", "Unity.2D.SpriteShape.Editor.csproj", "{D8673A2B-5A07-709D-1C26-A75A85DCBFBA}"
EndProject
Project("{FAE04EC0-301F-11D3-BF4B-00C04F79EFBC}") = "PsdPlugin", "PsdPlugin.csproj", "{4C90EBFF-6BD6-A888-245C-8933937E9141}"
EndProject
Project("{FAE04EC0-301F-11D3-BF4B-00C04F79EFBC}") = "Unity.2D.Common.Editor", "Unity.2D.Common.Editor.csproj", "{51D5506A-3F8C-42F5-3B7C-4FA61BCE2216}"
EndProject
Project("{FAE04EC0-301F-11D3-BF4B-00C04F79EFBC}") = "Unity.VSCode.Editor", "Unity.VSCode.Editor.csproj", "{DA99FC7E-6E8C-7397-3D6D-380340DF3C53}"
EndProject
Project("{FAE04EC0-301F-11D3-BF4B-00C04F79EFBC}") = "Unity.2D.Psdimporter.Editor", "Unity.2D.Psdimporter.Editor.csproj", "{DF44FC48-1C2B-D31E-D73B-DD6680F15527}"
EndProject
Project("{FAE04EC0-301F-11D3-BF4B-00C04F79EFBC}") = "Unity.2D.PixelPerfect.Editor", "Unity.2D.PixelPerfect.Editor.csproj", "{09813707-13AC-5F2E-F440-5CF3F13071C6}"
EndProject
Project("{FAE04EC0-301F-11D3-BF4B-00C04F79EFBC}") = "Unity.Mathematics.Editor", "Unity.Mathematics.Editor.csproj", "{3FEE06F3-32E1-D7A0-5A37-485E3F4E233C}"
EndProject
Project("{FAE04EC0-301F-11D3-BF4B-00C04F79EFBC}") = "Unity.InternalAPIEditorBridge.001", "Unity.InternalAPIEditorBridge.001.csproj", "{145CE785-74CE-A201-2ECB-B448888BE541}"
EndProject
Project("{FAE04EC0-301F-11D3-BF4B-00C04F79EFBC}") = "UnityEngine.UI", "UnityEngine.UI.Player.csproj", "{A62A5B85-3CAE-5347-DC10-960DFA144851}"
EndProject
Project("{FAE04EC0-301F-11D3-BF4B-00C04F79EFBC}") = "UnityEngine.TestRunner", "UnityEngine.TestRunner.Player.csproj", "{15A7C67E-32B5-AC13-20C1-AA69D3A67435}"
EndProject
Project("{FAE04EC0-301F-11D3-BF4B-00C04F79EFBC}") = "Unity.2D.Animation.Triangle.Runtime", "Unity.2D.Animation.Triangle.Runtime.Player.csproj", "{AEE1907E-BCD0-B87D-280F-E6B6AC5F8A5B}"
EndProject
Project("{FAE04EC0-301F-11D3-BF4B-00C04F79EFBC}") = "Unity.TextMeshPro", "Unity.TextMeshPro.Player.csproj", "{1F1BBCE2-7179-45E7-2D9A-EC6D25B3D814}"
EndProject
Project("{FAE04EC0-301F-11D3-BF4B-00C04F79EFBC}") = "Unity.2D.Animation.Runtime", "Unity.2D.Animation.Runtime.Player.csproj", "{7271BD1D-547B-4C74-FC56-E9EBAA41E51D}"
EndProject
Project("{FAE04EC0-301F-11D3-BF4B-00C04F79EFBC}") = "Unity.Timeline", "Unity.Timeline.Player.csproj", "{7F5CEE4D-14BB-4662-971C-75BFF363CBB5}"
EndProject
Project("{FAE04EC0-301F-11D3-BF4B-00C04F79EFBC}") = "Unity.Mathematics", "Unity.Mathematics.Player.csproj", "{53D12C2A-0E55-1DF5-EA7A-02458955AAA8}"
EndProject
Project("{FAE04EC0-301F-11D3-BF4B-00C04F79EFBC}") = "Unity.2D.SpriteShape.Runtime", "Unity.2D.SpriteShape.Runtime.Player.csproj", "{E6A8A7FF-F85D-B2AA-947B-876FBAD941CF}"
EndProject
Project("{FAE04EC0-301F-11D3-BF4B-00C04F79EFBC}") = "Assembly-CSharp", "Assembly-CSharp.Player.csproj", "{AF1D75D0-B108-D318-669A-3F0187198B5A}"
EndProject
Project("{FAE04EC0-301F-11D3-BF4B-00C04F79EFBC}") = "Unity.2D.PixelPerfect", "Unity.2D.PixelPerfect.Player.csproj", "{DA98CDC7-240A-2C28-10C9-87A6BDC3EE77}"
EndProject
Project("{FAE04EC0-301F-11D3-BF4B-00C04F79EFBC}") = "Unity.InternalAPIEngineBridge.001", "Unity.InternalAPIEngineBridge.001.Player.csproj", "{8321C4C1-A4AC-63EB-52FD-1587D8A2EDCB}"
EndProject
Project("{FAE04EC0-301F-11D3-BF4B-00C04F79EFBC}") = "Unity.2D.Common.Runtime", "Unity.2D.Common.Runtime.Player.csproj", "{DB1E89C1-55C3-9F3F-0B0F-1110DE2E3672}"
EndProject
Global
	GlobalSection(SolutionConfigurationPlatforms) = preSolution
		Debug|Any CPU = Debug|Any CPU
		Release|Any CPU = Release|Any CPU
	EndGlobalSection
	GlobalSection(ProjectConfigurationPlatforms) = postSolution
		{05753054-AA70-A52E-64E4-304E58837E79}.Debug|Any CPU.ActiveCfg = Debug|Any CPU
		{05753054-AA70-A52E-64E4-304E58837E79}.Debug|Any CPU.Build.0 = Debug|Any CPU
		{05753054-AA70-A52E-64E4-304E58837E79}.Release|Any CPU.ActiveCfg = Release|Any CPU
		{05753054-AA70-A52E-64E4-304E58837E79}.Release|Any CPU.Build.0 = Release|Any CPU
		{5B10F0A7-6151-D6ED-0032-8DDBF75C0483}.Debug|Any CPU.ActiveCfg = Debug|Any CPU
		{5B10F0A7-6151-D6ED-0032-8DDBF75C0483}.Debug|Any CPU.Build.0 = Debug|Any CPU
		{5B10F0A7-6151-D6ED-0032-8DDBF75C0483}.Release|Any CPU.ActiveCfg = Release|Any CPU
		{5B10F0A7-6151-D6ED-0032-8DDBF75C0483}.Release|Any CPU.Build.0 = Release|Any CPU
		{2574BC6C-B2EF-C602-B029-E71DDE2C9DD2}.Debug|Any CPU.ActiveCfg = Debug|Any CPU
		{2574BC6C-B2EF-C602-B029-E71DDE2C9DD2}.Debug|Any CPU.Build.0 = Debug|Any CPU
		{2574BC6C-B2EF-C602-B029-E71DDE2C9DD2}.Release|Any CPU.ActiveCfg = Release|Any CPU
		{2574BC6C-B2EF-C602-B029-E71DDE2C9DD2}.Release|Any CPU.Build.0 = Release|Any CPU
		{46F152A4-276A-C137-62A6-DC0BA09050A6}.Debug|Any CPU.ActiveCfg = Debug|Any CPU
		{46F152A4-276A-C137-62A6-DC0BA09050A6}.Debug|Any CPU.Build.0 = Debug|Any CPU
		{46F152A4-276A-C137-62A6-DC0BA09050A6}.Release|Any CPU.ActiveCfg = Release|Any CPU
		{46F152A4-276A-C137-62A6-DC0BA09050A6}.Release|Any CPU.Build.0 = Release|Any CPU
		{2E822B05-83A3-97DB-9E44-F0A86FE39235}.Debug|Any CPU.ActiveCfg = Debug|Any CPU
		{2E822B05-83A3-97DB-9E44-F0A86FE39235}.Debug|Any CPU.Build.0 = Debug|Any CPU
		{2E822B05-83A3-97DB-9E44-F0A86FE39235}.Release|Any CPU.ActiveCfg = Release|Any CPU
		{2E822B05-83A3-97DB-9E44-F0A86FE39235}.Release|Any CPU.Build.0 = Release|Any CPU
		{D4B3BE12-B289-4C1E-B643-15AE6D640310}.Debug|Any CPU.ActiveCfg = Debug|Any CPU
		{D4B3BE12-B289-4C1E-B643-15AE6D640310}.Debug|Any CPU.Build.0 = Debug|Any CPU
		{D4B3BE12-B289-4C1E-B643-15AE6D640310}.Release|Any CPU.ActiveCfg = Release|Any CPU
		{D4B3BE12-B289-4C1E-B643-15AE6D640310}.Release|Any CPU.Build.0 = Release|Any CPU
		{AFE16D70-947D-6594-245C-0266F01DBA8F}.Debug|Any CPU.ActiveCfg = Debug|Any CPU
		{AFE16D70-947D-6594-245C-0266F01DBA8F}.Debug|Any CPU.Build.0 = Debug|Any CPU
		{AFE16D70-947D-6594-245C-0266F01DBA8F}.Release|Any CPU.ActiveCfg = Release|Any CPU
		{AFE16D70-947D-6594-245C-0266F01DBA8F}.Release|Any CPU.Build.0 = Release|Any CPU
		{E3989279-E3F4-3398-A377-8D0E23D6644F}.Debug|Any CPU.ActiveCfg = Debug|Any CPU
		{E3989279-E3F4-3398-A377-8D0E23D6644F}.Debug|Any CPU.Build.0 = Debug|Any CPU
		{E3989279-E3F4-3398-A377-8D0E23D6644F}.Release|Any CPU.ActiveCfg = Release|Any CPU
		{E3989279-E3F4-3398-A377-8D0E23D6644F}.Release|Any CPU.Build.0 = Release|Any CPU
		{B673CBF3-9144-4F0F-B8B9-41716440C694}.Debug|Any CPU.ActiveCfg = Debug|Any CPU
		{B673CBF3-9144-4F0F-B8B9-41716440C694}.Debug|Any CPU.Build.0 = Debug|Any CPU
		{B673CBF3-9144-4F0F-B8B9-41716440C694}.Release|Any CPU.ActiveCfg = Release|Any CPU
		{B673CBF3-9144-4F0F-B8B9-41716440C694}.Release|Any CPU.Build.0 = Release|Any CPU
		{8AEB14E4-8489-362E-BD81-18C85FA0426B}.Debug|Any CPU.ActiveCfg = Debug|Any CPU
		{8AEB14E4-8489-362E-BD81-18C85FA0426B}.Debug|Any CPU.Build.0 = Debug|Any CPU
		{8AEB14E4-8489-362E-BD81-18C85FA0426B}.Release|Any CPU.ActiveCfg = Release|Any CPU
		{8AEB14E4-8489-362E-BD81-18C85FA0426B}.Release|Any CPU.Build.0 = Release|Any CPU
		{E05B6FC0-088F-F963-A007-9AE4764D74A3}.Debug|Any CPU.ActiveCfg = Debug|Any CPU
		{E05B6FC0-088F-F963-A007-9AE4764D74A3}.Debug|Any CPU.Build.0 = Debug|Any CPU
		{E05B6FC0-088F-F963-A007-9AE4764D74A3}.Release|Any CPU.ActiveCfg = Release|Any CPU
		{E05B6FC0-088F-F963-A007-9AE4764D74A3}.Release|Any CPU.Build.0 = Release|Any CPU
		{B3648DD6-BB29-AC8A-0287-E947D698CF3C}.Debug|Any CPU.ActiveCfg = Debug|Any CPU
		{B3648DD6-BB29-AC8A-0287-E947D698CF3C}.Debug|Any CPU.Build.0 = Debug|Any CPU
		{B3648DD6-BB29-AC8A-0287-E947D698CF3C}.Release|Any CPU.ActiveCfg = Release|Any CPU
		{B3648DD6-BB29-AC8A-0287-E947D698CF3C}.Release|Any CPU.Build.0 = Release|Any CPU
		{007B4EEC-434F-7E8D-BCCD-BE5F2F891B13}.Debug|Any CPU.ActiveCfg = Debug|Any CPU
		{007B4EEC-434F-7E8D-BCCD-BE5F2F891B13}.Debug|Any CPU.Build.0 = Debug|Any CPU
		{007B4EEC-434F-7E8D-BCCD-BE5F2F891B13}.Release|Any CPU.ActiveCfg = Release|Any CPU
		{007B4EEC-434F-7E8D-BCCD-BE5F2F891B13}.Release|Any CPU.Build.0 = Release|Any CPU
		{08F19104-54D7-B3A8-EC5A-3CEE239E843A}.Debug|Any CPU.ActiveCfg = Debug|Any CPU
		{08F19104-54D7-B3A8-EC5A-3CEE239E843A}.Debug|Any CPU.Build.0 = Debug|Any CPU
		{08F19104-54D7-B3A8-EC5A-3CEE239E843A}.Release|Any CPU.ActiveCfg = Release|Any CPU
		{08F19104-54D7-B3A8-EC5A-3CEE239E843A}.Release|Any CPU.Build.0 = Release|Any CPU
		{ACDF4998-D91E-26C2-11B5-DC66E9D23A8E}.Debug|Any CPU.ActiveCfg = Debug|Any CPU
		{ACDF4998-D91E-26C2-11B5-DC66E9D23A8E}.Debug|Any CPU.Build.0 = Debug|Any CPU
		{ACDF4998-D91E-26C2-11B5-DC66E9D23A8E}.Release|Any CPU.ActiveCfg = Release|Any CPU
		{ACDF4998-D91E-26C2-11B5-DC66E9D23A8E}.Release|Any CPU.Build.0 = Release|Any CPU
		{8667BF6E-5269-2D58-90EC-5B47931581E7}.Debug|Any CPU.ActiveCfg = Debug|Any CPU
		{8667BF6E-5269-2D58-90EC-5B47931581E7}.Debug|Any CPU.Build.0 = Debug|Any CPU
		{8667BF6E-5269-2D58-90EC-5B47931581E7}.Release|Any CPU.ActiveCfg = Release|Any CPU
		{8667BF6E-5269-2D58-90EC-5B47931581E7}.Release|Any CPU.Build.0 = Release|Any CPU
		{2C3B4086-C68D-1E6E-005E-3F95ED9627D5}.Debug|Any CPU.ActiveCfg = Debug|Any CPU
		{2C3B4086-C68D-1E6E-005E-3F95ED9627D5}.Debug|Any CPU.Build.0 = Debug|Any CPU
		{2C3B4086-C68D-1E6E-005E-3F95ED9627D5}.Release|Any CPU.ActiveCfg = Release|Any CPU
		{2C3B4086-C68D-1E6E-005E-3F95ED9627D5}.Release|Any CPU.Build.0 = Release|Any CPU
		{A372AED3-2733-62BE-ABCD-579BC1DDFD6D}.Debug|Any CPU.ActiveCfg = Debug|Any CPU
		{A372AED3-2733-62BE-ABCD-579BC1DDFD6D}.Debug|Any CPU.Build.0 = Debug|Any CPU
		{A372AED3-2733-62BE-ABCD-579BC1DDFD6D}.Release|Any CPU.ActiveCfg = Release|Any CPU
		{A372AED3-2733-62BE-ABCD-579BC1DDFD6D}.Release|Any CPU.Build.0 = Release|Any CPU
		{3B0CAF08-02D8-646F-104B-2569D6AA6DE5}.Debug|Any CPU.ActiveCfg = Debug|Any CPU
		{3B0CAF08-02D8-646F-104B-2569D6AA6DE5}.Debug|Any CPU.Build.0 = Debug|Any CPU
		{3B0CAF08-02D8-646F-104B-2569D6AA6DE5}.Release|Any CPU.ActiveCfg = Release|Any CPU
		{3B0CAF08-02D8-646F-104B-2569D6AA6DE5}.Release|Any CPU.Build.0 = Release|Any CPU
		{7075DF7C-790E-12E2-0CAD-23E98E175CBE}.Debug|Any CPU.ActiveCfg = Debug|Any CPU
		{7075DF7C-790E-12E2-0CAD-23E98E175CBE}.Debug|Any CPU.Build.0 = Debug|Any CPU
		{7075DF7C-790E-12E2-0CAD-23E98E175CBE}.Release|Any CPU.ActiveCfg = Release|Any CPU
		{7075DF7C-790E-12E2-0CAD-23E98E175CBE}.Release|Any CPU.Build.0 = Release|Any CPU
		{9408DC92-0BC3-B4F5-35D8-0531C93E893F}.Debug|Any CPU.ActiveCfg = Debug|Any CPU
		{9408DC92-0BC3-B4F5-35D8-0531C93E893F}.Debug|Any CPU.Build.0 = Debug|Any CPU
		{9408DC92-0BC3-B4F5-35D8-0531C93E893F}.Release|Any CPU.ActiveCfg = Release|Any CPU
		{9408DC92-0BC3-B4F5-35D8-0531C93E893F}.Release|Any CPU.Build.0 = Release|Any CPU
		{9B6F55B3-3156-72F5-C777-808B73F0BC81}.Debug|Any CPU.ActiveCfg = Debug|Any CPU
		{9B6F55B3-3156-72F5-C777-808B73F0BC81}.Debug|Any CPU.Build.0 = Debug|Any CPU
		{9B6F55B3-3156-72F5-C777-808B73F0BC81}.Release|Any CPU.ActiveCfg = Release|Any CPU
		{9B6F55B3-3156-72F5-C777-808B73F0BC81}.Release|Any CPU.Build.0 = Release|Any CPU
		{2FFAC310-A4AC-DDBA-D938-3E62CE74F0AF}.Debug|Any CPU.ActiveCfg = Debug|Any CPU
		{2FFAC310-A4AC-DDBA-D938-3E62CE74F0AF}.Debug|Any CPU.Build.0 = Debug|Any CPU
		{2FFAC310-A4AC-DDBA-D938-3E62CE74F0AF}.Release|Any CPU.ActiveCfg = Release|Any CPU
		{2FFAC310-A4AC-DDBA-D938-3E62CE74F0AF}.Release|Any CPU.Build.0 = Release|Any CPU
		{D8673A2B-5A07-709D-1C26-A75A85DCBFBA}.Debug|Any CPU.ActiveCfg = Debug|Any CPU
		{D8673A2B-5A07-709D-1C26-A75A85DCBFBA}.Debug|Any CPU.Build.0 = Debug|Any CPU
		{D8673A2B-5A07-709D-1C26-A75A85DCBFBA}.Release|Any CPU.ActiveCfg = Release|Any CPU
		{D8673A2B-5A07-709D-1C26-A75A85DCBFBA}.Release|Any CPU.Build.0 = Release|Any CPU
		{4C90EBFF-6BD6-A888-245C-8933937E9141}.Debug|Any CPU.ActiveCfg = Debug|Any CPU
		{4C90EBFF-6BD6-A888-245C-8933937E9141}.Debug|Any CPU.Build.0 = Debug|Any CPU
		{4C90EBFF-6BD6-A888-245C-8933937E9141}.Release|Any CPU.ActiveCfg = Release|Any CPU
		{4C90EBFF-6BD6-A888-245C-8933937E9141}.Release|Any CPU.Build.0 = Release|Any CPU
		{51D5506A-3F8C-42F5-3B7C-4FA61BCE2216}.Debug|Any CPU.ActiveCfg = Debug|Any CPU
		{51D5506A-3F8C-42F5-3B7C-4FA61BCE2216}.Debug|Any CPU.Build.0 = Debug|Any CPU
		{51D5506A-3F8C-42F5-3B7C-4FA61BCE2216}.Release|Any CPU.ActiveCfg = Release|Any CPU
		{51D5506A-3F8C-42F5-3B7C-4FA61BCE2216}.Release|Any CPU.Build.0 = Release|Any CPU
		{DA99FC7E-6E8C-7397-3D6D-380340DF3C53}.Debug|Any CPU.ActiveCfg = Debug|Any CPU
		{DA99FC7E-6E8C-7397-3D6D-380340DF3C53}.Debug|Any CPU.Build.0 = Debug|Any CPU
		{DA99FC7E-6E8C-7397-3D6D-380340DF3C53}.Release|Any CPU.ActiveCfg = Release|Any CPU
		{DA99FC7E-6E8C-7397-3D6D-380340DF3C53}.Release|Any CPU.Build.0 = Release|Any CPU
		{DF44FC48-1C2B-D31E-D73B-DD6680F15527}.Debug|Any CPU.ActiveCfg = Debug|Any CPU
		{DF44FC48-1C2B-D31E-D73B-DD6680F15527}.Debug|Any CPU.Build.0 = Debug|Any CPU
		{DF44FC48-1C2B-D31E-D73B-DD6680F15527}.Release|Any CPU.ActiveCfg = Release|Any CPU
		{DF44FC48-1C2B-D31E-D73B-DD6680F15527}.Release|Any CPU.Build.0 = Release|Any CPU
		{09813707-13AC-5F2E-F440-5CF3F13071C6}.Debug|Any CPU.ActiveCfg = Debug|Any CPU
		{09813707-13AC-5F2E-F440-5CF3F13071C6}.Debug|Any CPU.Build.0 = Debug|Any CPU
		{09813707-13AC-5F2E-F440-5CF3F13071C6}.Release|Any CPU.ActiveCfg = Release|Any CPU
		{09813707-13AC-5F2E-F440-5CF3F13071C6}.Release|Any CPU.Build.0 = Release|Any CPU
		{3FEE06F3-32E1-D7A0-5A37-485E3F4E233C}.Debug|Any CPU.ActiveCfg = Debug|Any CPU
		{3FEE06F3-32E1-D7A0-5A37-485E3F4E233C}.Debug|Any CPU.Build.0 = Debug|Any CPU
		{3FEE06F3-32E1-D7A0-5A37-485E3F4E233C}.Release|Any CPU.ActiveCfg = Release|Any CPU
		{3FEE06F3-32E1-D7A0-5A37-485E3F4E233C}.Release|Any CPU.Build.0 = Release|Any CPU
		{145CE785-74CE-A201-2ECB-B448888BE541}.Debug|Any CPU.ActiveCfg = Debug|Any CPU
		{145CE785-74CE-A201-2ECB-B448888BE541}.Debug|Any CPU.Build.0 = Debug|Any CPU
		{145CE785-74CE-A201-2ECB-B448888BE541}.Release|Any CPU.ActiveCfg = Release|Any CPU
		{145CE785-74CE-A201-2ECB-B448888BE541}.Release|Any CPU.Build.0 = Release|Any CPU
		{A62A5B85-3CAE-5347-DC10-960DFA144851}.Debug|Any CPU.ActiveCfg = Debug|Any CPU
		{A62A5B85-3CAE-5347-DC10-960DFA144851}.Debug|Any CPU.Build.0 = Debug|Any CPU
		{A62A5B85-3CAE-5347-DC10-960DFA144851}.Release|Any CPU.ActiveCfg = Release|Any CPU
		{A62A5B85-3CAE-5347-DC10-960DFA144851}.Release|Any CPU.Build.0 = Release|Any CPU
		{15A7C67E-32B5-AC13-20C1-AA69D3A67435}.Debug|Any CPU.ActiveCfg = Debug|Any CPU
		{15A7C67E-32B5-AC13-20C1-AA69D3A67435}.Debug|Any CPU.Build.0 = Debug|Any CPU
		{15A7C67E-32B5-AC13-20C1-AA69D3A67435}.Release|Any CPU.ActiveCfg = Release|Any CPU
		{15A7C67E-32B5-AC13-20C1-AA69D3A67435}.Release|Any CPU.Build.0 = Release|Any CPU
		{AEE1907E-BCD0-B87D-280F-E6B6AC5F8A5B}.Debug|Any CPU.ActiveCfg = Debug|Any CPU
		{AEE1907E-BCD0-B87D-280F-E6B6AC5F8A5B}.Debug|Any CPU.Build.0 = Debug|Any CPU
		{AEE1907E-BCD0-B87D-280F-E6B6AC5F8A5B}.Release|Any CPU.ActiveCfg = Release|Any CPU
		{AEE1907E-BCD0-B87D-280F-E6B6AC5F8A5B}.Release|Any CPU.Build.0 = Release|Any CPU
		{1F1BBCE2-7179-45E7-2D9A-EC6D25B3D814}.Debug|Any CPU.ActiveCfg = Debug|Any CPU
		{1F1BBCE2-7179-45E7-2D9A-EC6D25B3D814}.Debug|Any CPU.Build.0 = Debug|Any CPU
		{1F1BBCE2-7179-45E7-2D9A-EC6D25B3D814}.Release|Any CPU.ActiveCfg = Release|Any CPU
		{1F1BBCE2-7179-45E7-2D9A-EC6D25B3D814}.Release|Any CPU.Build.0 = Release|Any CPU
		{7271BD1D-547B-4C74-FC56-E9EBAA41E51D}.Debug|Any CPU.ActiveCfg = Debug|Any CPU
		{7271BD1D-547B-4C74-FC56-E9EBAA41E51D}.Debug|Any CPU.Build.0 = Debug|Any CPU
		{7271BD1D-547B-4C74-FC56-E9EBAA41E51D}.Release|Any CPU.ActiveCfg = Release|Any CPU
		{7271BD1D-547B-4C74-FC56-E9EBAA41E51D}.Release|Any CPU.Build.0 = Release|Any CPU
		{7F5CEE4D-14BB-4662-971C-75BFF363CBB5}.Debug|Any CPU.ActiveCfg = Debug|Any CPU
		{7F5CEE4D-14BB-4662-971C-75BFF363CBB5}.Debug|Any CPU.Build.0 = Debug|Any CPU
		{7F5CEE4D-14BB-4662-971C-75BFF363CBB5}.Release|Any CPU.ActiveCfg = Release|Any CPU
		{7F5CEE4D-14BB-4662-971C-75BFF363CBB5}.Release|Any CPU.Build.0 = Release|Any CPU
		{53D12C2A-0E55-1DF5-EA7A-02458955AAA8}.Debug|Any CPU.ActiveCfg = Debug|Any CPU
		{53D12C2A-0E55-1DF5-EA7A-02458955AAA8}.Debug|Any CPU.Build.0 = Debug|Any CPU
		{53D12C2A-0E55-1DF5-EA7A-02458955AAA8}.Release|Any CPU.ActiveCfg = Release|Any CPU
		{53D12C2A-0E55-1DF5-EA7A-02458955AAA8}.Release|Any CPU.Build.0 = Release|Any CPU
		{E6A8A7FF-F85D-B2AA-947B-876FBAD941CF}.Debug|Any CPU.ActiveCfg = Debug|Any CPU
		{E6A8A7FF-F85D-B2AA-947B-876FBAD941CF}.Debug|Any CPU.Build.0 = Debug|Any CPU
		{E6A8A7FF-F85D-B2AA-947B-876FBAD941CF}.Release|Any CPU.ActiveCfg = Release|Any CPU
		{E6A8A7FF-F85D-B2AA-947B-876FBAD941CF}.Release|Any CPU.Build.0 = Release|Any CPU
		{AF1D75D0-B108-D318-669A-3F0187198B5A}.Debug|Any CPU.ActiveCfg = Debug|Any CPU
		{AF1D75D0-B108-D318-669A-3F0187198B5A}.Debug|Any CPU.Build.0 = Debug|Any CPU
		{AF1D75D0-B108-D318-669A-3F0187198B5A}.Release|Any CPU.ActiveCfg = Release|Any CPU
		{AF1D75D0-B108-D318-669A-3F0187198B5A}.Release|Any CPU.Build.0 = Release|Any CPU
		{DA98CDC7-240A-2C28-10C9-87A6BDC3EE77}.Debug|Any CPU.ActiveCfg = Debug|Any CPU
		{DA98CDC7-240A-2C28-10C9-87A6BDC3EE77}.Debug|Any CPU.Build.0 = Debug|Any CPU
		{DA98CDC7-240A-2C28-10C9-87A6BDC3EE77}.Release|Any CPU.ActiveCfg = Release|Any CPU
		{DA98CDC7-240A-2C28-10C9-87A6BDC3EE77}.Release|Any CPU.Build.0 = Release|Any CPU
		{8321C4C1-A4AC-63EB-52FD-1587D8A2EDCB}.Debug|Any CPU.ActiveCfg = Debug|Any CPU
		{8321C4C1-A4AC-63EB-52FD-1587D8A2EDCB}.Debug|Any CPU.Build.0 = Debug|Any CPU
		{8321C4C1-A4AC-63EB-52FD-1587D8A2EDCB}.Release|Any CPU.ActiveCfg = Release|Any CPU
		{8321C4C1-A4AC-63EB-52FD-1587D8A2EDCB}.Release|Any CPU.Build.0 = Release|Any CPU
		{DB1E89C1-55C3-9F3F-0B0F-1110DE2E3672}.Debug|Any CPU.ActiveCfg = Debug|Any CPU
		{DB1E89C1-55C3-9F3F-0B0F-1110DE2E3672}.Debug|Any CPU.Build.0 = Debug|Any CPU
		{DB1E89C1-55C3-9F3F-0B0F-1110DE2E3672}.Release|Any CPU.ActiveCfg = Release|Any CPU
		{DB1E89C1-55C3-9F3F-0B0F-1110DE2E3672}.Release|Any CPU.Build.0 = Release|Any CPU
	EndGlobalSection
	GlobalSection(SolutionProperties) = preSolution
		HideSolutionNode = FALSE
	EndGlobalSection
EndGlobal
